
Microsoft Visual Studio Solution File, Format Version 12.00
# Visual Studio Version 16
VisualStudioVersion = 16.0.30503.244
MinimumVisualStudioVersion = 10.0.40219.1
Project("{9A19103F-16F7-4668-BE54-9A1E7A4F7556}") = "OldCycloid", "OldCycliod\OldCycloid.csproj", "{97CBCDB8-2F64-4F83-91E1-1C7D9D9E01DB}"
EndProject
Project("{9A19103F-16F7-4668-BE54-9A1E7A4F7556}") = "Backend", "Backend\Backend.csproj", "{097AC839-21C3-4331-8092-AAF6ACC75A98}"
EndProject
Project("{9A19103F-16F7-4668-BE54-9A1E7A4F7556}") = "OldCycliod.Tests", "OldCycliod.Tests\OldCycliod.Tests.csproj", "{FD538777-90E2-4D06-AB69-5B0D3FFC325E}"
EndProject
Global
	GlobalSection(SolutionConfigurationPlatforms) = preSolution
		Debug|Any CPU = Debug|Any CPU
		Release|Any CPU = Release|Any CPU
	EndGlobalSection
	GlobalSection(ProjectConfigurationPlatforms) = postSolution
		{97CBCDB8-2F64-4F83-91E1-1C7D9D9E01DB}.Debug|Any CPU.ActiveCfg = Debug|Any CPU
		{97CBCDB8-2F64-4F83-91E1-1C7D9D9E01DB}.Debug|Any CPU.Build.0 = Debug|Any CPU
		{97CBCDB8-2F64-4F83-91E1-1C7D9D9E01DB}.Release|Any CPU.ActiveCfg = Release|Any CPU
		{97CBCDB8-2F64-4F83-91E1-1C7D9D9E01DB}.Release|Any CPU.Build.0 = Release|Any CPU
		{097AC839-21C3-4331-8092-AAF6ACC75A98}.Debug|Any CPU.ActiveCfg = Debug|Any CPU
		{097AC839-21C3-4331-8092-AAF6ACC75A98}.Debug|Any CPU.Build.0 = Debug|Any CPU
		{097AC839-21C3-4331-8092-AAF6ACC75A98}.Release|Any CPU.ActiveCfg = Release|Any CPU
		{097AC839-21C3-4331-8092-AAF6ACC75A98}.Release|Any CPU.Build.0 = Release|Any CPU
		{FD538777-90E2-4D06-AB69-5B0D3FFC325E}.Debug|Any CPU.ActiveCfg = Debug|Any CPU
		{FD538777-90E2-4D06-AB69-5B0D3FFC325E}.Debug|Any CPU.Build.0 = Debug|Any CPU
		{FD538777-90E2-4D06-AB69-5B0D3FFC325E}.Release|Any CPU.ActiveCfg = Release|Any CPU
		{FD538777-90E2-4D06-AB69-5B0D3FFC325E}.Release|Any CPU.Build.0 = Release|Any CPU
	EndGlobalSection
	GlobalSection(SolutionProperties) = preSolution
		HideSolutionNode = FALSE
	EndGlobalSection
	GlobalSection(ExtensibilityGlobals) = postSolution
		SolutionGuid = {B2B0D1B2-A810-4407-A7FE-50C942492AA2}
	EndGlobalSection
EndGlobal
